
Microsoft Visual Studio Solution File, Format Version 12.00
# Visual Studio Version 17
VisualStudioVersion = 17.8.34309.116
MinimumVisualStudioVersion = 10.0.40219.1
Project("{FAE04EC0-301F-11D3-BF4B-00C04F79EFBC}") = "BethanyPieShopHRM", "BethanyPieShopHRM\BethanyPieShopHRM.csproj", "{9CE970F5-F3E6-473F-B750-E639787366BB}"
EndProject
Project("{9A19103F-16F7-4668-BE54-9A1E7A4F7556}") = "BethanysPieShopHRM.Shared", "..\BethanysPieShopHRM.Shared\BethanysPieShopHRM.Shared.csproj", "{C8E338E5-CAEC-4B38-BDC3-1FB7E3D47ECE}"
EndProject
Global
	GlobalSection(SolutionConfigurationPlatforms) = preSolution
		Debug|Any CPU = Debug|Any CPU
		Release|Any CPU = Release|Any CPU
	EndGlobalSection
	GlobalSection(ProjectConfigurationPlatforms) = postSolution
		{9CE970F5-F3E6-473F-B750-E639787366BB}.Debug|Any CPU.ActiveCfg = Debug|Any CPU
		{9CE970F5-F3E6-473F-B750-E639787366BB}.Debug|Any CPU.Build.0 = Debug|Any CPU
		{9CE970F5-F3E6-473F-B750-E639787366BB}.Release|Any CPU.ActiveCfg = Release|Any CPU
		{9CE970F5-F3E6-473F-B750-E639787366BB}.Release|Any CPU.Build.0 = Release|Any CPU
		{C8E338E5-CAEC-4B38-BDC3-1FB7E3D47ECE}.Debug|Any CPU.ActiveCfg = Debug|Any CPU
		{C8E338E5-CAEC-4B38-BDC3-1FB7E3D47ECE}.Debug|Any CPU.Build.0 = Debug|Any CPU
		{C8E338E5-CAEC-4B38-BDC3-1FB7E3D47ECE}.Release|Any CPU.ActiveCfg = Release|Any CPU
		{C8E338E5-CAEC-4B38-BDC3-1FB7E3D47ECE}.Release|Any CPU.Build.0 = Release|Any CPU
	EndGlobalSection
	GlobalSection(SolutionProperties) = preSolution
		HideSolutionNode = FALSE
	EndGlobalSection
	GlobalSection(ExtensibilityGlobals) = postSolution
		SolutionGuid = {959E7B0C-889D-4622-A7B1-4A2F10463E34}
	EndGlobalSection
EndGlobal
